
Microsoft Visual Studio Solution File, Format Version 12.00
# Visual Studio 15
VisualStudioVersion = 15.0.28307.705
MinimumVisualStudioVersion = 10.0.40219.1
Project("{9A19103F-16F7-4668-BE54-9A1E7A4F7556}") = "MedallionOData", "MedallionOData\MedallionOData.csproj", "{1DF9B15D-60B2-4EBF-A984-F54B420F658D}"
EndProject
Project("{9A19103F-16F7-4668-BE54-9A1E7A4F7556}") = "MedallionOData.Tests", "MedallionOData.Tests\MedallionOData.Tests.csproj", "{504B4DB6-738F-4B19-973D-04DBD62EAA77}"
EndProject
Project("{2150E333-8FDC-42A3-9474-1A3956D46DE8}") = ".nuget", ".nuget", "{D6C09C8B-D998-47D5-8E1A-DFF29ABB738F}"
	ProjectSection(SolutionItems) = preProject
		.nuget\NuGet.Config = .nuget\NuGet.Config
		.nuget\NuGet.exe = .nuget\NuGet.exe
		.nuget\NuGet.targets = .nuget\NuGet.targets
	EndProjectSection
EndProject
Project("{FAE04EC0-301F-11D3-BF4B-00C04F79EFBC}") = "MedallionOData.Samples.Web", "MedallionOData.Samples.Web\MedallionOData.Samples.Web.csproj", "{D22F1468-A534-44BF-9200-321F8152CE34}"
EndProject
Global
	GlobalSection(SolutionConfigurationPlatforms) = preSolution
		Debug|Any CPU = Debug|Any CPU
		Release|Any CPU = Release|Any CPU
	EndGlobalSection
	GlobalSection(ProjectConfigurationPlatforms) = postSolution
		{1DF9B15D-60B2-4EBF-A984-F54B420F658D}.Debug|Any CPU.ActiveCfg = Debug|Any CPU
		{1DF9B15D-60B2-4EBF-A984-F54B420F658D}.Debug|Any CPU.Build.0 = Debug|Any CPU
		{1DF9B15D-60B2-4EBF-A984-F54B420F658D}.Release|Any CPU.ActiveCfg = Release|Any CPU
		{1DF9B15D-60B2-4EBF-A984-F54B420F658D}.Release|Any CPU.Build.0 = Release|Any CPU
		{504B4DB6-738F-4B19-973D-04DBD62EAA77}.Debug|Any CPU.ActiveCfg = Debug|Any CPU
		{504B4DB6-738F-4B19-973D-04DBD62EAA77}.Debug|Any CPU.Build.0 = Debug|Any CPU
		{504B4DB6-738F-4B19-973D-04DBD62EAA77}.Release|Any CPU.ActiveCfg = Release|Any CPU
		{504B4DB6-738F-4B19-973D-04DBD62EAA77}.Release|Any CPU.Build.0 = Release|Any CPU
		{D22F1468-A534-44BF-9200-321F8152CE34}.Debug|Any CPU.ActiveCfg = Debug|Any CPU
		{D22F1468-A534-44BF-9200-321F8152CE34}.Debug|Any CPU.Build.0 = Debug|Any CPU
		{D22F1468-A534-44BF-9200-321F8152CE34}.Release|Any CPU.ActiveCfg = Release|Any CPU
		{D22F1468-A534-44BF-9200-321F8152CE34}.Release|Any CPU.Build.0 = Release|Any CPU
	EndGlobalSection
	GlobalSection(SolutionProperties) = preSolution
		HideSolutionNode = FALSE
	EndGlobalSection
	GlobalSection(ExtensibilityGlobals) = postSolution
		SolutionGuid = {F79090AD-D1E3-4FB0-9BB1-8A0FE456B811}
	EndGlobalSection
EndGlobal
